PODS:
  - Capacitor (7.0.1):
    - CapacitorCordova
  - CapacitorCamera (7.0.0):
    - Capacitor
  - CapacitorCommunityContacts (6.1.1):
    - Capacitor
  - CapacitorCommunityHttp (1.4.1):
    - Capacitor
  - CapacitorCommunitySqlite (7.0.0):
    - Capacitor
    - SQLCipher
    - ZIPFoundation
  - CapacitorCordova (7.0.1)
  - CapacitorLocalNotifications (7.0.0):
    - Capacitor
  - CapacitorPreferences (7.0.0):
    - Capacitor
  - CapacitorShare (7.0.0):
    - Capacitor
  - CapacitorSplashScreen (7.0.0):
    - Capacitor
  - CocoaLumberjack (3.7.4):
    - CocoaLumberjack/Core (= 3.7.4)
  - CocoaLumberjack/Core (3.7.4)
  - CordovaPlugins (7.0.1):
    - CapacitorCordova
  - SQLCipher (4.6.1):
    - SQLCipher/standard (= 4.6.1)
  - SQLCipher/common (4.6.1)
  - SQLCipher/standard (4.6.1):
    - SQLCipher/common
  - TransistorsoftCapacitorBackgroundFetch (7.0.1):
    - Capacitor
  - TransistorsoftCapacitorBackgroundGeolocation (7.0.3):
    - Capacitor
    - CocoaLumberjack (~> 3.7.2)
  - ZIPFoundation (0.9.19)

DEPENDENCIES:
  - "Capacitor (from `../../node_modules/@capacitor/ios`)"
  - "CapacitorCamera (from `../../node_modules/@capacitor/camera`)"
  - "CapacitorCommunityContacts (from `../../node_modules/@capacitor-community/contacts`)"
  - "CapacitorCommunityHttp (from `../../node_modules/@capacitor-community/http`)"
  - "CapacitorCommunitySqlite (from `../../node_modules/@capacitor-community/sqlite`)"
  - "CapacitorCordova (from `../../node_modules/@capacitor/ios`)"
  - "CapacitorLocalNotifications (from `../../node_modules/@capacitor/local-notifications`)"
  - "CapacitorPreferences (from `../../node_modules/@capacitor/preferences`)"
  - "CapacitorShare (from `../../node_modules/@capacitor/share`)"
  - "CapacitorSplashScreen (from `../../node_modules/@capacitor/splash-screen`)"
  - CordovaPlugins (from `../capacitor-cordova-ios-plugins`)
  - "TransistorsoftCapacitorBackgroundFetch (from `../../node_modules/@transistorsoft/capacitor-background-fetch`)"
  - "TransistorsoftCapacitorBackgroundGeolocation (from `../../node_modules/@transistorsoft/capacitor-background-geolocation`)"

SPEC REPOS:
  trunk:
    - CocoaLumberjack
    - SQLCipher
    - ZIPFoundation

EXTERNAL SOURCES:
  Capacitor:
    :path: "../../node_modules/@capacitor/ios"
  CapacitorCamera:
    :path: "../../node_modules/@capacitor/camera"
  CapacitorCommunityContacts:
    :path: "../../node_modules/@capacitor-community/contacts"
  CapacitorCommunityHttp:
    :path: "../../node_modules/@capacitor-community/http"
  CapacitorCommunitySqlite:
    :path: "../../node_modules/@capacitor-community/sqlite"
  CapacitorCordova:
    :path: "../../node_modules/@capacitor/ios"
  CapacitorLocalNotifications:
    :path: "../../node_modules/@capacitor/local-notifications"
  CapacitorPreferences:
    :path: "../../node_modules/@capacitor/preferences"
  CapacitorShare:
    :path: "../../node_modules/@capacitor/share"
  CapacitorSplashScreen:
    :path: "../../node_modules/@capacitor/splash-screen"
  CordovaPlugins:
    :path: "../capacitor-cordova-ios-plugins"
  TransistorsoftCapacitorBackgroundFetch:
    :path: "../../node_modules/@transistorsoft/capacitor-background-fetch"
  TransistorsoftCapacitorBackgroundGeolocation:
    :path: "../../node_modules/@transistorsoft/capacitor-background-geolocation"

SPEC CHECKSUMS:
  Capacitor: de199cba6c8b20995428ad0b7cb0bc6ca625ffd4
  CapacitorCamera: 20a37684b81c69c0c33fb5a7216919f135371a6f
  CapacitorCommunityContacts: 9cde99c2cd212f6594677aae542436e2174c4ef2
  CapacitorCommunityHttp: 7eba71da94e070e37a26a60483350285a33e3903
  CapacitorCommunitySqlite: b11e556cf5d149f9e0b6fbbb47959a6cd718c3d0
  CapacitorCordova: 63d476958d5022d76f197031e8b7ea3519988c64
  CapacitorLocalNotifications: c9577978cd598af5e2b5615548b8222b3b10d7e2
  CapacitorPreferences: 8e4bef1f937fc991a19d7ea99330c36a62edd24b
  CapacitorShare: d94c53d7656f1ce8f6712ae8d19ab0c18a69259f
  CapacitorSplashScreen: 7e7a0a1113833032f196b3af6fa437baccacf5bc
  CocoaLumberjack: 543c79c114dadc3b1aba95641d8738b06b05b646
  CordovaPlugins: 7f8be44bad55b268b9f3f9468b139c4988f6bf5e
  SQLCipher: 77fbe633cd84db04b07876dd50766b4924b57d61
  TransistorsoftCapacitorBackgroundFetch: 6a2a81a6f568dfeec26cdee4e16ffd24f66d9f7f
  TransistorsoftCapacitorBackgroundGeolocation: 177fc23cbbce9ba5c6350cf3f7b148353721823a
  ZIPFoundation: b8c29ea7ae353b309bc810586181fd073cb3312c

PODFILE CHECKSUM: 2324910e78afb0694338989f483303bbbb284b42

COCOAPODS: 1.16.2
